
Microsoft Visual Studio Solution File, Format Version 12.00
# Visual Studio 15
VisualStudioVersion = 15.0.27428.2043
MinimumVisualStudioVersion = 10.0.40219.1
Project("{9A19103F-16F7-4668-BE54-9A1E7A4F7556}") = "menu-serve-api", "menu-serve-api\menu-serve-api.csproj", "{C7FD9D33-EA3F-4F48-8F5E-ED60BCC42E98}"
EndProject
Global
	GlobalSection(SolutionConfigurationPlatforms) = preSolution
		Debug|Any CPU = Debug|Any CPU
		Release|Any CPU = Release|Any CPU
	EndGlobalSection
	GlobalSection(ProjectConfigurationPlatforms) = postSolution
		{C7FD9D33-EA3F-4F48-8F5E-ED60BCC42E98}.Debug|Any CPU.ActiveCfg = Debug|Any CPU
		{C7FD9D33-EA3F-4F48-8F5E-ED60BCC42E98}.Debug|Any CPU.Build.0 = Debug|Any CPU
		{C7FD9D33-EA3F-4F48-8F5E-ED60BCC42E98}.Release|Any CPU.ActiveCfg = Release|Any CPU
	EndGlobalSection
	GlobalSection(SolutionProperties) = preSolution
		HideSolutionNode = FALSE
	EndGlobalSection
	GlobalSection(ExtensibilityGlobals) = postSolution
		SolutionGuid = {F5493D96-20BF-43FD-B6E5-FBF93BCDF24C}
	EndGlobalSection
EndGlobal
